# This file is autogenerated, do not edit; changes may be undone by the next 'dep ensure'.


[[projects]]
  digest = "1:ca59b1175189b3f0e9f1793d2c350114be36eaabbe5b9f554b35edee1de50aea"
  name = "github.com/gorilla/mux"
  packages = ["."]
  pruneopts = "UT"
  revision = "a7962380ca08b5a188038c69871b8d3fbdf31e89"
  version = "v1.7.0"

[[projects]]
  branch = "master"
  digest = "1:c02daf921667701fa4acac5c66bd6f126dc49973b5ea43e4f08b4edd1e6233ab"
  name = "github.com/otiai10/jsonindent"
  packages = ["."]
  pruneopts = "UT"
  revision = "447bf004320b8f3037c7d36d56edddea668c4f05"

[[projects]]
  branch = "master"
  digest = "1:013a9dbba308fd2011611212b8a13c4c1e1a0185bc8f3554991fd22a1cbf87d5"
  name = "github.com/otiai10/yaml2json"
  packages = ["."]
  pruneopts = "UT"
  revision = "ddc967a37458296bf5e0830f8287f92bbfecc515"

[[projects]]
  branch = "master"
  digest = "1:dbfe572cc258e5bcf54cb650a06d90edd0da04e42ca1ed909cc1d49f00011c63"
  name = "github.com/robertkrimen/otto"
  packages = [
    ".",
    "ast",
    "dbg",
    "file",
    "parser",
    "registry",
    "token",
  ]
  pruneopts = "UT"
  revision = "15f95af6e78dcd2030d8195a138bd88d4f403546"

[[projects]]
  branch = "master"
  digest = "1:ad449e77e54b90be54b877eeb4cd6bbe458731f4c26891e0bf4e4bdc9f870fb2"
  name = "github.com/uc-cdis/cwl.go"
  packages = ["."]
  pruneopts = "UT"
  revision = "4ad082766c01f22945ad136453624514eaece54d"

[[projects]]
  digest = "1:9935525a8c49b8434a0b0a54e1980e94a6fae73aaff45c5d33ba8dff69de123e"
  name = "gopkg.in/sourcemap.v1"
  packages = [
    ".",
    "base64vlq",
  ]
  pruneopts = "UT"
  revision = "6e83acea0053641eff084973fee085f0c193c61a"
  version = "v1.0.5"

[[projects]]
  digest = "1:4d2e5a73dc1500038e504a8d78b986630e3626dc027bc030ba5c75da257cdb96"
  name = "gopkg.in/yaml.v2"
  packages = ["."]
  pruneopts = "UT"
  revision = "51d6538a90f86fe93ac480b35f37b2be17fef232"
  version = "v2.2.2"

[solve-meta]
  analyzer-name = "dep"
  analyzer-version = 1
  input-imports = [
    "github.com/gorilla/mux",
    "github.com/uc-cdis/cwl.go",
  ]
  solver-name = "gps-cdcl"
  solver-version = 1
